// !$*UTF8*$!
{
	archiveVersion = 1;
	classes = {
	};
	objectVersion = 77;
	objects = {

/* Begin PBXBuildFile section */
		1F91D64A4DD2F361302D2A75 /* CorePresentationProbe.swift in Sources */ = {isa = PBXBuildFile; fileRef = B0F200C827D01D53030F6DFD /* CorePresentationProbe.swift */; };
		3CA55564CC6FDEE0F1274C9D /* main.swift in Sources */ = {isa = PBXBuildFile; fileRef = C6B052E22F32CB532A4122A4 /* main.swift */; };
		7E2BA128ADCD967174D7B71E /* main.swift in Sources */ = {isa = PBXBuildFile; fileRef = EE8A0092D54259410CF8CD1C /* main.swift */; };
		B45B710F6F7AC707B8FA181D /* CoreHostBridge.m in Sources */ = {isa = PBXBuildFile; fileRef = 4E085B9E8831F728DF11A69F /* CoreHostBridge.m */; };
		B4D55C65A0FAC66A2A7F080D /* TransportProbeAppDelegate.swift in Sources */ = {isa = PBXBuildFile; fileRef = 1FD12DEE8E7E81A4B46782D5 /* TransportProbeAppDelegate.swift */; };
		B540E58B17DE0BE2DFC7EF25 /* UIKitScenarioAdapter.swift in Sources */ = {isa = PBXBuildFile; fileRef = 5E434927C3216724AEFA09BC /* UIKitScenarioAdapter.swift */; };
		D70286CD46E786EA7DA77833 /* TransportProbeAppDelegate.swift in Sources */ = {isa = PBXBuildFile; fileRef = 1FD12DEE8E7E81A4B46782D5 /* TransportProbeAppDelegate.swift */; };
		E1F1F09B24DD786AAE9EB9D4 /* CorePresentationProbe.swift in Sources */ = {isa = PBXBuildFile; fileRef = B0F200C827D01D53030F6DFD /* CorePresentationProbe.swift */; };
		EFDAAA8ACD43FB8B4671FB25 /* OxideScenarioAdapter.swift in Sources */ = {isa = PBXBuildFile; fileRef = 8D717B9AC726936AA9CFA0AC /* OxideScenarioAdapter.swift */; };
/* End PBXBuildFile section */

/* Begin PBXFileReference section */
		041AC7AA613258D97EB355C6 /* Info.plist */ = {isa = PBXFileReference; lastKnownFileType = text.plist; path = Info.plist; sourceTree = "<group>"; };
		0B63F9378B51234F2E943E8B /* OxideBenchIOS.app */ = {isa = PBXFileReference; includeInIndex = 0; lastKnownFileType = wrapper.application; path = OxideBenchIOS.app; sourceTree = BUILT_PRODUCTS_DIR; };
		1FD12DEE8E7E81A4B46782D5 /* TransportProbeAppDelegate.swift */ = {isa = PBXFileReference; lastKnownFileType = sourcecode.swift; path = TransportProbeAppDelegate.swift; sourceTree = "<group>"; };
		4E085B9E8831F728DF11A69F /* CoreHostBridge.m */ = {isa = PBXFileReference; lastKnownFileType = sourcecode.c.objc; path = CoreHostBridge.m; sourceTree = "<group>"; };
		5D660CA7D60920E47AE6D70E /* Info.plist */ = {isa = PBXFileReference; lastKnownFileType = text.plist; path = Info.plist; sourceTree = "<group>"; };
		5E434927C3216724AEFA09BC /* UIKitScenarioAdapter.swift */ = {isa = PBXFileReference; lastKnownFileType = sourcecode.swift; path = UIKitScenarioAdapter.swift; sourceTree = "<group>"; };
		8D717B9AC726936AA9CFA0AC /* OxideScenarioAdapter.swift */ = {isa = PBXFileReference; lastKnownFileType = sourcecode.swift; path = OxideScenarioAdapter.swift; sourceTree = "<group>"; };
		B0F200C827D01D53030F6DFD /* CorePresentationProbe.swift */ = {isa = PBXFileReference; lastKnownFileType = sourcecode.swift; path = CorePresentationProbe.swift; sourceTree = "<group>"; };
		C6B052E22F32CB532A4122A4 /* main.swift */ = {isa = PBXFileReference; lastKnownFileType = sourcecode.swift; path = main.swift; sourceTree = "<group>"; };
		D7576EC37C56E6506547C24F /* UIKitBenchIOS.app */ = {isa = PBXFileReference; includeInIndex = 0; lastKnownFileType = wrapper.application; path = UIKitBenchIOS.app; sourceTree = BUILT_PRODUCTS_DIR; };
		EE8A0092D54259410CF8CD1C /* main.swift */ = {isa = PBXFileReference; lastKnownFileType = sourcecode.swift; path = main.swift; sourceTree = "<group>"; };
/* End PBXFileReference section */

/* Begin PBXGroup section */
		37A5954CBFBA47E67DD9001F /* Products */ = {
			isa = PBXGroup;
			children = (
				0B63F9378B51234F2E943E8B /* OxideBenchIOS.app */,
				D7576EC37C56E6506547C24F /* UIKitBenchIOS.app */,
			);
			name = Products;
			sourceTree = "<group>";
		};
		38FC02219A0A7A88DAC0A3A5 /* ComparatorApp */ = {
			isa = PBXGroup;
			children = (
				B0F200C827D01D53030F6DFD /* CorePresentationProbe.swift */,
				1FD12DEE8E7E81A4B46782D5 /* TransportProbeAppDelegate.swift */,
			);
			name = ComparatorApp;
			path = Shared/ComparatorApp;
			sourceTree = "<group>";
		};
		651E25D44F2AA2C46ACBD474 /* UIKit-iOS */ = {
			isa = PBXGroup;
			children = (
				5D660CA7D60920E47AE6D70E /* Info.plist */,
				C6B052E22F32CB532A4122A4 /* main.swift */,
				5E434927C3216724AEFA09BC /* UIKitScenarioAdapter.swift */,
			);
			path = "UIKit-iOS";
			sourceTree = "<group>";
		};
		9677919BB5719B8427596371 = {
			isa = PBXGroup;
			children = (
				38FC02219A0A7A88DAC0A3A5 /* ComparatorApp */,
				E01B935E1308F3E14334273B /* Oxide-iOS */,
				651E25D44F2AA2C46ACBD474 /* UIKit-iOS */,
				37A5954CBFBA47E67DD9001F /* Products */,
			);
			sourceTree = "<group>";
		};
		E01B935E1308F3E14334273B /* Oxide-iOS */ = {
			isa = PBXGroup;
			children = (
				4E085B9E8831F728DF11A69F /* CoreHostBridge.m */,
				041AC7AA613258D97EB355C6 /* Info.plist */,
				EE8A0092D54259410CF8CD1C /* main.swift */,
				8D717B9AC726936AA9CFA0AC /* OxideScenarioAdapter.swift */,
			);
			path = "Oxide-iOS";
			sourceTree = "<group>";
		};
/* End PBXGroup section */

/* Begin PBXNativeTarget section */
		849B9F7C604D921FF55A7872 /* OxideBenchIOS */ = {
			isa = PBXNativeTarget;
			buildConfigurationList = 0D82E9F5B24EB03B797A3212 /* Build configuration list for PBXNativeTarget "OxideBenchIOS" */;
			buildPhases = (
				D2E25069902A4BAD69048851 /* Build and Embed Comparison Runtime */,
				587FFE40FF7E586043092A46 /* Sources */,
			);
			buildRules = (
			);
			dependencies = (
			);
			name = OxideBenchIOS;
			packageProductDependencies = (
			);
			productName = OxideBenchIOS;
			productReference = 0B63F9378B51234F2E943E8B /* OxideBenchIOS.app */;
			productType = "com.apple.product-type.application";
		};
		C42D25FB10B65EF9D392644B /* UIKitBenchIOS */ = {
			isa = PBXNativeTarget;
			buildConfigurationList = 250F1153A6B0AA1B81068FCB /* Build configuration list for PBXNativeTarget "UIKitBenchIOS" */;
			buildPhases = (
				9E6817FE2741087D69FD9659 /* Sources */,
			);
			buildRules = (
			);
			dependencies = (
			);
			name = UIKitBenchIOS;
			packageProductDependencies = (
			);
			productName = UIKitBenchIOS;
			productReference = D7576EC37C56E6506547C24F /* UIKitBenchIOS.app */;
			productType = "com.apple.product-type.application";
		};
/* End PBXNativeTarget section */

/* Begin PBXProject section */
		C9D5B9F678A0BAB84C4DD084 /* Project object */ = {
			isa = PBXProject;
			attributes = {
				BuildIndependentTargetsInParallel = YES;
				LastUpgradeCheck = 1430;
			};
			buildConfigurationList = 3FFBB436C5C9EF619A6F714F /* Build configuration list for PBXProject "AppleComparison" */;
			compatibilityVersion = "Xcode 14.0";
			developmentRegion = en;
			hasScannedForEncodings = 0;
			knownRegions = (
				Base,
				en,
			);
			mainGroup = 9677919BB5719B8427596371;
			minimizedProjectReferenceProxies = 1;
			preferredProjectObjectVersion = 77;
			projectDirPath = "";
			projectRoot = "";
			targets = (
				849B9F7C604D921FF55A7872 /* OxideBenchIOS */,
				C42D25FB10B65EF9D392644B /* UIKitBenchIOS */,
			);
		};
/* End PBXProject section */

/* Begin PBXShellScriptBuildPhase section */
		D2E25069902A4BAD69048851 /* Build and Embed Comparison Runtime */ = {
			isa = PBXShellScriptBuildPhase;
			alwaysOutOfDate = 1;
			buildActionMask = 2147483647;
			files = (
			);
			inputFileListPaths = (
			);
			inputPaths = (
			);
			name = "Build and Embed Comparison Runtime";
			outputFileListPaths = (
			);
			outputPaths = (
				"$(BUILT_PRODUCTS_DIR)/liboxide_comparison_runtime.a",
			);
			runOnlyForDeploymentPostprocessing = 0;
			shellPath = /bin/sh;
			shellScript = "set -euo pipefail\nREPO_ROOT=\"$(cd \"${PROJECT_DIR}/../..\" && pwd)\"\nexport CARGO_TARGET_DIR=\"${OBJROOT}/oxide-comparison-cargo/${PLATFORM_NAME}\"\nTARGET_GUARD=\"${REPO_ROOT}/host/apple-comparison/scripts/guard-cargo-target.sh\"\ncase \"${PLATFORM_NAME}\" in\n  iphoneos)\n    RUST_TARGET=\"aarch64-apple-ios\"\n    ;;\n  *)\n    RUST_TARGET=\"aarch64-apple-ios-sim\"\n    ;;\nesac\n/bin/sh \"${TARGET_GUARD}\" \"${CARGO_TARGET_DIR}\" \"${REPO_ROOT}/Cargo.toml\"\nmkdir -p \"${CARGO_TARGET_DIR}\"\nHOST_LINKER_WRAPPER=\"${CARGO_TARGET_DIR}/xcode-host-clang.sh\"\ncat > \"${HOST_LINKER_WRAPPER}\" <<'EOF'\n#!/bin/sh\nexec xcrun --sdk macosx clang \"$@\"\nEOF\nchmod +x \"${HOST_LINKER_WRAPPER}\"\n(cd \"${REPO_ROOT}/host/apple-comparison/oxide-comparison-runtime\" && \\\n   export CARGO_TARGET_AARCH64_APPLE_DARWIN_LINKER=\"${HOST_LINKER_WRAPPER}\" && \\\n   unset SDKROOT SDK_DIR SDK_NAME IPHONEOS_DEPLOYMENT_TARGET && \\\n   export IPHONEOS_DEPLOYMENT_TARGET=18.0 && \\\n   cargo build --locked -p oxide-comparison-runtime --release --target \"${RUST_TARGET}\")\n/bin/sh \"${TARGET_GUARD}\" \"${CARGO_TARGET_DIR}\" \"${REPO_ROOT}/Cargo.toml\"\nmkdir -p \"${BUILT_PRODUCTS_DIR}\"\ncp -v \"${CARGO_TARGET_DIR}/${RUST_TARGET}/release/liboxide_comparison_runtime.a\" \"${BUILT_PRODUCTS_DIR}/liboxide_comparison_runtime.a\"\n";
		};
/* End PBXShellScriptBuildPhase section */

/* Begin PBXSourcesBuildPhase section */
		587FFE40FF7E586043092A46 /* Sources */ = {
			isa = PBXSourcesBuildPhase;
			buildActionMask = 2147483647;
			files = (
				B45B710F6F7AC707B8FA181D /* CoreHostBridge.m in Sources */,
				1F91D64A4DD2F361302D2A75 /* CorePresentationProbe.swift in Sources */,
				EFDAAA8ACD43FB8B4671FB25 /* OxideScenarioAdapter.swift in Sources */,
				B4D55C65A0FAC66A2A7F080D /* TransportProbeAppDelegate.swift in Sources */,
				7E2BA128ADCD967174D7B71E /* main.swift in Sources */,
			);
			runOnlyForDeploymentPostprocessing = 0;
		};
		9E6817FE2741087D69FD9659 /* Sources */ = {
			isa = PBXSourcesBuildPhase;
			buildActionMask = 2147483647;
			files = (
				E1F1F09B24DD786AAE9EB9D4 /* CorePresentationProbe.swift in Sources */,
				D70286CD46E786EA7DA77833 /* TransportProbeAppDelegate.swift in Sources */,
				B540E58B17DE0BE2DFC7EF25 /* UIKitScenarioAdapter.swift in Sources */,
				3CA55564CC6FDEE0F1274C9D /* main.swift in Sources */,
			);
			runOnlyForDeploymentPostprocessing = 0;
		};
/* End PBXSourcesBuildPhase section */

/* Begin XCBuildConfiguration section */
		1FC431F144A573190FAE82E0 /* Release */ = {
			isa = XCBuildConfiguration;
			buildSettings = {
				ASSETCATALOG_COMPILER_APPICON_NAME = AppIcon;
				CODE_SIGN_IDENTITY = "iPhone Developer";
				INFOPLIST_FILE = "UIKit-iOS/Info.plist";
				IPHONEOS_DEPLOYMENT_TARGET = 18.0;
				LD_RUNPATH_SEARCH_PATHS = (
					"$(inherited)",
					"@executable_path/Frameworks",
				);
				PRODUCT_BUNDLE_IDENTIFIER = com.oxide.comparison.uikitbenchios;
				PRODUCT_NAME = UIKitBenchIOS;
				SDKROOT = iphoneos;
				TARGETED_DEVICE_FAMILY = "1,2";
			};
			name = Release;
		};
		3641A5064D62233E02F3A511 /* Debug */ = {
			isa = XCBuildConfiguration;
			buildSettings = {
				ASSETCATALOG_COMPILER_APPICON_NAME = AppIcon;
				CODE_SIGN_IDENTITY = "iPhone Developer";
				ENABLE_BITCODE = NO;
				INFOPLIST_FILE = "Oxide-iOS/Info.plist";
				IPHONEOS_DEPLOYMENT_TARGET = 18.0;
				LD_RUNPATH_SEARCH_PATHS = (
					"$(inherited)",
					"@executable_path/Frameworks",
				);
				OTHER_LDFLAGS = (
					"-ObjC",
					"-lc++",
					"-framework",
					UIKit,
					"-framework",
					Foundation,
					"-framework",
					QuartzCore,
					"-framework",
					Metal,
					"-framework",
					CoreGraphics,
					"-framework",
					UserNotifications,
					"-framework",
					CoreLocation,
					"-framework",
					AVFoundation,
					"-framework",
					Contacts,
					"-framework",
					CoreBluetooth,
					"-framework",
					CoreMotion,
					"$(BUILT_PRODUCTS_DIR)/liboxide_comparison_runtime.a",
				);
				PRODUCT_BUNDLE_IDENTIFIER = com.oxide.comparison.oxidebenchios;
				PRODUCT_NAME = OxideBenchIOS;
				SDKROOT = iphoneos;
				TARGETED_DEVICE_FAMILY = "1,2";
			};
			name = Debug;
		};
		44597DD792E45C44DDF55727 /* Release */ = {
			isa = XCBuildConfiguration;
			buildSettings = {
				ASSETCATALOG_COMPILER_APPICON_NAME = AppIcon;
				CODE_SIGN_IDENTITY = "iPhone Developer";
				ENABLE_BITCODE = NO;
				INFOPLIST_FILE = "Oxide-iOS/Info.plist";
				IPHONEOS_DEPLOYMENT_TARGET = 18.0;
				LD_RUNPATH_SEARCH_PATHS = (
					"$(inherited)",
					"@executable_path/Frameworks",
				);
				OTHER_LDFLAGS = (
					"-ObjC",
					"-lc++",
					"-framework",
					UIKit,
					"-framework",
					Foundation,
					"-framework",
					QuartzCore,
					"-framework",
					Metal,
					"-framework",
					CoreGraphics,
					"-framework",
					UserNotifications,
					"-framework",
					CoreLocation,
					"-framework",
					AVFoundation,
					"-framework",
					Contacts,
					"-framework",
					CoreBluetooth,
					"-framework",
					CoreMotion,
					"$(BUILT_PRODUCTS_DIR)/liboxide_comparison_runtime.a",
				);
				PRODUCT_BUNDLE_IDENTIFIER = com.oxide.comparison.oxidebenchios;
				PRODUCT_NAME = OxideBenchIOS;
				SDKROOT = iphoneos;
				TARGETED_DEVICE_FAMILY = "1,2";
			};
			name = Release;
		};
		924DEA99FF73AF57CA8A94D5 /* Debug */ = {
			isa = XCBuildConfiguration;
			buildSettings = {
				ALWAYS_SEARCH_USER_PATHS = NO;
				CLANG_ANALYZER_NONNULL = YES;
				CLANG_ANALYZER_NUMBER_OBJECT_CONVERSION = YES_AGGRESSIVE;
				CLANG_CXX_LANGUAGE_STANDARD = "gnu++14";
				CLANG_CXX_LIBRARY = "libc++";
				CLANG_ENABLE_MODULES = YES;
				CLANG_ENABLE_OBJC_ARC = YES;
				CLANG_ENABLE_OBJC_WEAK = YES;
				CLANG_WARN_BLOCK_CAPTURE_AUTORELEASING = YES;
				CLANG_WARN_BOOL_CONVERSION = YES;
				CLANG_WARN_COMMA = YES;
				CLANG_WARN_CONSTANT_CONVERSION = YES;
				CLANG_WARN_DEPRECATED_OBJC_IMPLEMENTATIONS = YES;
				CLANG_WARN_DIRECT_OBJC_ISA_USAGE = YES_ERROR;
				CLANG_WARN_DOCUMENTATION_COMMENTS = YES;
				CLANG_WARN_EMPTY_BODY = YES;
				CLANG_WARN_ENUM_CONVERSION = YES;
				CLANG_WARN_INFINITE_RECURSION = YES;
				CLANG_WARN_INT_CONVERSION = YES;
				CLANG_WARN_NON_LITERAL_NULL_CONVERSION = YES;
				CLANG_WARN_OBJC_IMPLICIT_RETAIN_SELF = YES;
				CLANG_WARN_OBJC_LITERAL_CONVERSION = YES;
				CLANG_WARN_OBJC_ROOT_CLASS = YES_ERROR;
				CLANG_WARN_QUOTED_INCLUDE_IN_FRAMEWORK_HEADER = YES;
				CLANG_WARN_RANGE_LOOP_ANALYSIS = YES;
				CLANG_WARN_STRICT_PROTOTYPES = YES;
				CLANG_WARN_SUSPICIOUS_MOVE = YES;
				CLANG_WARN_UNGUARDED_AVAILABILITY = YES_AGGRESSIVE;
				CLANG_WARN_UNREACHABLE_CODE = YES;
				CLANG_WARN__DUPLICATE_METHOD_MATCH = YES;
				COPY_PHASE_STRIP = NO;
				DEBUG_INFORMATION_FORMAT = dwarf;
				ENABLE_STRICT_OBJC_MSGSEND = YES;
				ENABLE_TESTABILITY = YES;
				GCC_C_LANGUAGE_STANDARD = gnu11;
				GCC_DYNAMIC_NO_PIC = NO;
				GCC_NO_COMMON_BLOCKS = YES;
				GCC_OPTIMIZATION_LEVEL = 0;
				GCC_PREPROCESSOR_DEFINITIONS = (
					"$(inherited)",
					"DEBUG=1",
				);
				GCC_WARN_64_TO_32_BIT_CONVERSION = YES;
				GCC_WARN_ABOUT_RETURN_TYPE = YES_ERROR;
				GCC_WARN_UNDECLARED_SELECTOR = YES;
				GCC_WARN_UNINITIALIZED_AUTOS = YES_AGGRESSIVE;
				GCC_WARN_UNUSED_FUNCTION = YES;
				GCC_WARN_UNUSED_VARIABLE = YES;
				IPHONEOS_DEPLOYMENT_TARGET = 18.0;
				MTL_ENABLE_DEBUG_INFO = INCLUDE_SOURCE;
				MTL_FAST_MATH = YES;
				ONLY_ACTIVE_ARCH = YES;
				PRODUCT_NAME = "$(TARGET_NAME)";
				SDKROOT = iphoneos;
				SWIFT_ACTIVE_COMPILATION_CONDITIONS = DEBUG;
				SWIFT_OPTIMIZATION_LEVEL = "-Onone";
				SWIFT_VERSION = 5.0;
			};
			name = Debug;
		};
		D3FC4897BF19E7C7053F83BA /* Debug */ = {
			isa = XCBuildConfiguration;
			buildSettings = {
				ASSETCATALOG_COMPILER_APPICON_NAME = AppIcon;
				CODE_SIGN_IDENTITY = "iPhone Developer";
				INFOPLIST_FILE = "UIKit-iOS/Info.plist";
				IPHONEOS_DEPLOYMENT_TARGET = 18.0;
				LD_RUNPATH_SEARCH_PATHS = (
					"$(inherited)",
					"@executable_path/Frameworks",
				);
				PRODUCT_BUNDLE_IDENTIFIER = com.oxide.comparison.uikitbenchios;
				PRODUCT_NAME = UIKitBenchIOS;
				SDKROOT = iphoneos;
				TARGETED_DEVICE_FAMILY = "1,2";
			};
			name = Debug;
		};
		D8E0280B01C2E9051DED0D65 /* Release */ = {
			isa = XCBuildConfiguration;
			buildSettings = {
				ALWAYS_SEARCH_USER_PATHS = NO;
				CLANG_ANALYZER_NONNULL = YES;
				CLANG_ANALYZER_NUMBER_OBJECT_CONVERSION = YES_AGGRESSIVE;
				CLANG_CXX_LANGUAGE_STANDARD = "gnu++14";
				CLANG_CXX_LIBRARY = "libc++";
				CLANG_ENABLE_MODULES = YES;
				CLANG_ENABLE_OBJC_ARC = YES;
				CLANG_ENABLE_OBJC_WEAK = YES;
				CLANG_WARN_BLOCK_CAPTURE_AUTORELEASING = YES;
				CLANG_WARN_BOOL_CONVERSION = YES;
				CLANG_WARN_COMMA = YES;
				CLANG_WARN_CONSTANT_CONVERSION = YES;
				CLANG_WARN_DEPRECATED_OBJC_IMPLEMENTATIONS = YES;
				CLANG_WARN_DIRECT_OBJC_ISA_USAGE = YES_ERROR;
				CLANG_WARN_DOCUMENTATION_COMMENTS = YES;
				CLANG_WARN_EMPTY_BODY = YES;
				CLANG_WARN_ENUM_CONVERSION = YES;
				CLANG_WARN_INFINITE_RECURSION = YES;
				CLANG_WARN_INT_CONVERSION = YES;
				CLANG_WARN_NON_LITERAL_NULL_CONVERSION = YES;
				CLANG_WARN_OBJC_IMPLICIT_RETAIN_SELF = YES;
				CLANG_WARN_OBJC_LITERAL_CONVERSION = YES;
				CLANG_WARN_OBJC_ROOT_CLASS = YES_ERROR;
				CLANG_WARN_QUOTED_INCLUDE_IN_FRAMEWORK_HEADER = YES;
				CLANG_WARN_RANGE_LOOP_ANALYSIS = YES;
				CLANG_WARN_STRICT_PROTOTYPES = YES;
				CLANG_WARN_SUSPICIOUS_MOVE = YES;
				CLANG_WARN_UNGUARDED_AVAILABILITY = YES_AGGRESSIVE;
				CLANG_WARN_UNREACHABLE_CODE = YES;
				CLANG_WARN__DUPLICATE_METHOD_MATCH = YES;
				COPY_PHASE_STRIP = NO;
				DEBUG_INFORMATION_FORMAT = "dwarf-with-dsym";
				ENABLE_NS_ASSERTIONS = NO;
				ENABLE_STRICT_OBJC_MSGSEND = YES;
				GCC_C_LANGUAGE_STANDARD = gnu11;
				GCC_NO_COMMON_BLOCKS = YES;
				GCC_WARN_64_TO_32_BIT_CONVERSION = YES;
				GCC_WARN_ABOUT_RETURN_TYPE = YES_ERROR;
				GCC_WARN_UNDECLARED_SELECTOR = YES;
				GCC_WARN_UNINITIALIZED_AUTOS = YES_AGGRESSIVE;
				GCC_WARN_UNUSED_FUNCTION = YES;
				GCC_WARN_UNUSED_VARIABLE = YES;
				IPHONEOS_DEPLOYMENT_TARGET = 18.0;
				MTL_ENABLE_DEBUG_INFO = NO;
				MTL_FAST_MATH = YES;
				PRODUCT_NAME = "$(TARGET_NAME)";
				SDKROOT = iphoneos;
				SWIFT_COMPILATION_MODE = wholemodule;
				SWIFT_OPTIMIZATION_LEVEL = "-O";
				SWIFT_VERSION = 5.0;
			};
			name = Release;
		};
/* End XCBuildConfiguration section */

/* Begin XCConfigurationList section */
		0D82E9F5B24EB03B797A3212 /* Build configuration list for PBXNativeTarget "OxideBenchIOS" */ = {
			isa = XCConfigurationList;
			buildConfigurations = (
				3641A5064D62233E02F3A511 /* Debug */,
				44597DD792E45C44DDF55727 /* Release */,
			);
			defaultConfigurationIsVisible = 0;
			defaultConfigurationName = Debug;
		};
		250F1153A6B0AA1B81068FCB /* Build configuration list for PBXNativeTarget "UIKitBenchIOS" */ = {
			isa = XCConfigurationList;
			buildConfigurations = (
				D3FC4897BF19E7C7053F83BA /* Debug */,
				1FC431F144A573190FAE82E0 /* Release */,
			);
			defaultConfigurationIsVisible = 0;
			defaultConfigurationName = Debug;
		};
		3FFBB436C5C9EF619A6F714F /* Build configuration list for PBXProject "AppleComparison" */ = {
			isa = XCConfigurationList;
			buildConfigurations = (
				924DEA99FF73AF57CA8A94D5 /* Debug */,
				D8E0280B01C2E9051DED0D65 /* Release */,
			);
			defaultConfigurationIsVisible = 0;
			defaultConfigurationName = Debug;
		};
/* End XCConfigurationList section */
	};
	rootObject = C9D5B9F678A0BAB84C4DD084 /* Project object */;
}
