// !$*UTF8*$!
{
	archiveVersion = 1;
	classes = {
	};
	objectVersion = 54;
	objects = {

/* Begin PBXBuildFile section */
		0C80B921A6F3F58F76C31292 /* libPods-ReactNativeCameraBench.a in Frameworks */ = {isa = PBXBuildFile; fileRef = 5DCACB8F33CDC322A6C60F78 /* libPods-ReactNativeCameraBench.a */; };
		13B07FBF1A68108700A75B9A /* Images.xcassets in Resources */ = {isa = PBXBuildFile; fileRef = 13B07FB51A68108700A75B9A /* Images.xcassets */; };
		4AFF6C95174F93B6CF6E70BD /* BenchmarkBridge.m in Sources */ = {isa = PBXBuildFile; fileRef = 4029D43B16218C0EFBD079CB /* BenchmarkBridge.m */; settings = {COMPILER_FLAGS = "-ObjC"; }; };
		706D0ACFA8C664AA02912ECA /* Foundation.framework in Frameworks */ = {isa = PBXBuildFile; fileRef = FD9528FBE5C0EC99DB09C641 /* Foundation.framework */; };
		761780ED2CA45674006654EE /* AppDelegate.swift in Sources */ = {isa = PBXBuildFile; fileRef = 761780EC2CA45674006654EE /* AppDelegate.swift */; };
		81AB9BB82411601600AC10FF /* LaunchScreen.storyboard in Resources */ = {isa = PBXBuildFile; fileRef = 81AB9BB72411601600AC10FF /* LaunchScreen.storyboard */; };
		B30A7407398A03441D382F23 /* PrivacyInfo.xcprivacy in Resources */ = {isa = PBXBuildFile; fileRef = 13B07FB81A68108700A75B9A /* PrivacyInfo.xcprivacy */; };
		D16FF1FA42302C1271C60D3A /* ReactNativeCameraBenchPerfTests.swift in Sources */ = {isa = PBXBuildFile; fileRef = 4A7E3CBC6C43A7BBA68ECDC5 /* ReactNativeCameraBenchPerfTests.swift */; };
/* End PBXBuildFile section */

/* Begin PBXContainerItemProxy section */
		6E864150A54399C8E0835976 /* PBXContainerItemProxy */ = {
			isa = PBXContainerItemProxy;
			containerPortal = 83CBB9F71A601CBA00E9B192 /* Project object */;
			proxyType = 1;
			remoteGlobalIDString = 13B07F861A680F5B00A75B9A;
			remoteInfo = ReactNativeCameraBench;
		};
/* End PBXContainerItemProxy section */

/* Begin PBXFileReference section */
		13B07F961A680F5B00A75B9A /* ReactNativeCameraBench.app */ = {isa = PBXFileReference; explicitFileType = wrapper.application; includeInIndex = 0; path = ReactNativeCameraBench.app; sourceTree = BUILT_PRODUCTS_DIR; };
		13B07FB51A68108700A75B9A /* Images.xcassets */ = {isa = PBXFileReference; lastKnownFileType = folder.assetcatalog; name = Images.xcassets; path = ReactNativeCameraBench/Images.xcassets; sourceTree = "<group>"; };
		13B07FB61A68108700A75B9A /* Info.plist */ = {isa = PBXFileReference; fileEncoding = 4; lastKnownFileType = text.plist.xml; name = Info.plist; path = ReactNativeCameraBench/Info.plist; sourceTree = "<group>"; };
		13B07FB81A68108700A75B9A /* PrivacyInfo.xcprivacy */ = {isa = PBXFileReference; fileEncoding = 4; lastKnownFileType = text.plist.xml; name = PrivacyInfo.xcprivacy; path = ReactNativeCameraBench/PrivacyInfo.xcprivacy; sourceTree = "<group>"; };
		3B4392A12AC88292D35C810B /* Pods-ReactNativeCameraBench.debug.xcconfig */ = {isa = PBXFileReference; includeInIndex = 1; lastKnownFileType = text.xcconfig; name = "Pods-ReactNativeCameraBench.debug.xcconfig"; path = "Target Support Files/Pods-ReactNativeCameraBench/Pods-ReactNativeCameraBench.debug.xcconfig"; sourceTree = "<group>"; };
		4029D43B16218C0EFBD079CB /* BenchmarkBridge.m */ = {isa = PBXFileReference; includeInIndex = 1; lastKnownFileType = sourcecode.c.objc; name = BenchmarkBridge.m; path = ReactNativeCameraBench/BenchmarkBridge.m; sourceTree = "<group>"; };
		4A7E3CBC6C43A7BBA68ECDC5 /* ReactNativeCameraBenchPerfTests.swift */ = {isa = PBXFileReference; includeInIndex = 1; lastKnownFileType = sourcecode.swift; name = ReactNativeCameraBenchPerfTests.swift; path = ReactNativeCameraBenchPerfTests/ReactNativeCameraBenchPerfTests.swift; sourceTree = "<group>"; };
		4ECC0325E5427523B5AE6C12 /* BenchmarkBridge.h */ = {isa = PBXFileReference; includeInIndex = 1; lastKnownFileType = sourcecode.c.h; name = BenchmarkBridge.h; path = ReactNativeCameraBench/BenchmarkBridge.h; sourceTree = "<group>"; };
		5709B34CF0A7D63546082F79 /* Pods-ReactNativeCameraBench.release.xcconfig */ = {isa = PBXFileReference; includeInIndex = 1; lastKnownFileType = text.xcconfig; name = "Pods-ReactNativeCameraBench.release.xcconfig"; path = "Target Support Files/Pods-ReactNativeCameraBench/Pods-ReactNativeCameraBench.release.xcconfig"; sourceTree = "<group>"; };
		5BA9DDE58CF57F3025B1B16A /* Info.plist */ = {isa = PBXFileReference; includeInIndex = 1; lastKnownFileType = text.plist.xml; name = Info.plist; path = ReactNativeCameraBenchPerfTests/Info.plist; sourceTree = "<group>"; };
		5DCACB8F33CDC322A6C60F78 /* libPods-ReactNativeCameraBench.a */ = {isa = PBXFileReference; explicitFileType = archive.ar; includeInIndex = 0; path = "libPods-ReactNativeCameraBench.a"; sourceTree = BUILT_PRODUCTS_DIR; };
		761780EC2CA45674006654EE /* AppDelegate.swift */ = {isa = PBXFileReference; lastKnownFileType = sourcecode.swift; name = AppDelegate.swift; path = ReactNativeCameraBench/AppDelegate.swift; sourceTree = "<group>"; };
		81AB9BB72411601600AC10FF /* LaunchScreen.storyboard */ = {isa = PBXFileReference; fileEncoding = 4; lastKnownFileType = file.storyboard; name = LaunchScreen.storyboard; path = ReactNativeCameraBench/LaunchScreen.storyboard; sourceTree = "<group>"; };
		C7E2CD3D751634557A06CD3A /* ReactNativeCameraBenchPerfTests.xctest */ = {isa = PBXFileReference; explicitFileType = wrapper.cfbundle; includeInIndex = 0; path = ReactNativeCameraBenchPerfTests.xctest; sourceTree = BUILT_PRODUCTS_DIR; };
		ED297162215061F000B7C4FE /* JavaScriptCore.framework */ = {isa = PBXFileReference; lastKnownFileType = wrapper.framework; name = JavaScriptCore.framework; path = System/Library/Frameworks/JavaScriptCore.framework; sourceTree = SDKROOT; };
		FD9528FBE5C0EC99DB09C641 /* Foundation.framework */ = {isa = PBXFileReference; lastKnownFileType = wrapper.framework; name = Foundation.framework; path = Platforms/iPhoneOS.platform/Developer/SDKs/iPhoneOS14.0.sdk/System/Library/Frameworks/Foundation.framework; sourceTree = DEVELOPER_DIR; };
/* End PBXFileReference section */

/* Begin PBXFrameworksBuildPhase section */
		0701DC6A06BA6E2DE6C04421 /* Frameworks */ = {
			isa = PBXFrameworksBuildPhase;
			buildActionMask = 2147483647;
			files = (
				706D0ACFA8C664AA02912ECA /* Foundation.framework in Frameworks */,
			);
			runOnlyForDeploymentPostprocessing = 0;
		};
		13B07F8C1A680F5B00A75B9A /* Frameworks */ = {
			isa = PBXFrameworksBuildPhase;
			buildActionMask = 2147483647;
			files = (
				0C80B921A6F3F58F76C31292 /* libPods-ReactNativeCameraBench.a in Frameworks */,
			);
			runOnlyForDeploymentPostprocessing = 0;
		};
/* End PBXFrameworksBuildPhase section */

/* Begin PBXGroup section */
		13B07FAE1A68108700A75B9A /* ReactNativeCameraBench */ = {
			isa = PBXGroup;
			children = (
				13B07FB51A68108700A75B9A /* Images.xcassets */,
				761780EC2CA45674006654EE /* AppDelegate.swift */,
				13B07FB61A68108700A75B9A /* Info.plist */,
				81AB9BB72411601600AC10FF /* LaunchScreen.storyboard */,
				13B07FB81A68108700A75B9A /* PrivacyInfo.xcprivacy */,
				4ECC0325E5427523B5AE6C12 /* BenchmarkBridge.h */,
				4029D43B16218C0EFBD079CB /* BenchmarkBridge.m */,
			);
			name = ReactNativeCameraBench;
			sourceTree = "<group>";
		};
		28CE34ABB2DFDCF181E9BB7A /* ReactNativeCameraBenchPerfTests */ = {
			isa = PBXGroup;
			children = (
				5BA9DDE58CF57F3025B1B16A /* Info.plist */,
				4A7E3CBC6C43A7BBA68ECDC5 /* ReactNativeCameraBenchPerfTests.swift */,
			);
			name = ReactNativeCameraBenchPerfTests;
			sourceTree = "<group>";
		};
		2D16E6871FA4F8E400B85C8A /* Frameworks */ = {
			isa = PBXGroup;
			children = (
				ED297162215061F000B7C4FE /* JavaScriptCore.framework */,
				5DCACB8F33CDC322A6C60F78 /* libPods-ReactNativeCameraBench.a */,
				545136069C1FAFA5AA2B03FC /* iOS */,
			);
			name = Frameworks;
			sourceTree = "<group>";
		};
		545136069C1FAFA5AA2B03FC /* iOS */ = {
			isa = PBXGroup;
			children = (
				FD9528FBE5C0EC99DB09C641 /* Foundation.framework */,
			);
			name = iOS;
			sourceTree = "<group>";
		};
		832341AE1AAA6A7D00B99B32 /* Libraries */ = {
			isa = PBXGroup;
			children = (
			);
			name = Libraries;
			sourceTree = "<group>";
		};
		83CBB9F61A601CBA00E9B192 = {
			isa = PBXGroup;
			children = (
				13B07FAE1A68108700A75B9A /* ReactNativeCameraBench */,
				832341AE1AAA6A7D00B99B32 /* Libraries */,
				83CBBA001A601CBA00E9B192 /* Products */,
				2D16E6871FA4F8E400B85C8A /* Frameworks */,
				BBD78D7AC51CEA395F1C20DB /* Pods */,
				28CE34ABB2DFDCF181E9BB7A /* ReactNativeCameraBenchPerfTests */,
			);
			indentWidth = 2;
			sourceTree = "<group>";
			tabWidth = 2;
			usesTabs = 0;
		};
		83CBBA001A601CBA00E9B192 /* Products */ = {
			isa = PBXGroup;
			children = (
				13B07F961A680F5B00A75B9A /* ReactNativeCameraBench.app */,
				C7E2CD3D751634557A06CD3A /* ReactNativeCameraBenchPerfTests.xctest */,
			);
			name = Products;
			sourceTree = "<group>";
		};
		BBD78D7AC51CEA395F1C20DB /* Pods */ = {
			isa = PBXGroup;
			children = (
				3B4392A12AC88292D35C810B /* Pods-ReactNativeCameraBench.debug.xcconfig */,
				5709B34CF0A7D63546082F79 /* Pods-ReactNativeCameraBench.release.xcconfig */,
			);
			path = Pods;
			sourceTree = "<group>";
		};
/* End PBXGroup section */

/* Begin PBXNativeTarget section */
		13B07F861A680F5B00A75B9A /* ReactNativeCameraBench */ = {
			isa = PBXNativeTarget;
			buildConfigurationList = 13B07F931A680F5B00A75B9A /* Build configuration list for PBXNativeTarget "ReactNativeCameraBench" */;
			buildPhases = (
				C38B50BA6285516D6DCD4F65 /* [CP] Check Pods Manifest.lock */,
				13B07F871A680F5B00A75B9A /* Sources */,
				13B07F8C1A680F5B00A75B9A /* Frameworks */,
				13B07F8E1A680F5B00A75B9A /* Resources */,
				00DD1BFF1BD5951E006B06BC /* Bundle React Native code and images */,
				00EEFC60759A1932668264C0 /* [CP] Embed Pods Frameworks */,
				E235C05ADACE081382539298 /* [CP] Copy Pods Resources */,
			);
			buildRules = (
			);
			dependencies = (
			);
			name = ReactNativeCameraBench;
			productName = ReactNativeCameraBench;
			productReference = 13B07F961A680F5B00A75B9A /* ReactNativeCameraBench.app */;
			productType = "com.apple.product-type.application";
		};
		505BF1DCAB468BB990CE7790 /* ReactNativeCameraBenchPerfTests */ = {
			isa = PBXNativeTarget;
			buildConfigurationList = 079364147809060353D47665 /* Build configuration list for PBXNativeTarget "ReactNativeCameraBenchPerfTests" */;
			buildPhases = (
				D727286946785AC8B1D4AE26 /* Sources */,
				0701DC6A06BA6E2DE6C04421 /* Frameworks */,
				96FAAECFC688267CC213ADB8 /* Resources */,
			);
			buildRules = (
			);
			dependencies = (
				FBFBF36E3313D9539E12F4CE /* PBXTargetDependency */,
			);
			name = ReactNativeCameraBenchPerfTests;
			productName = ReactNativeCameraBenchPerfTests;
			productReference = C7E2CD3D751634557A06CD3A /* ReactNativeCameraBenchPerfTests.xctest */;
			productType = "com.apple.product-type.bundle.unit-test";
		};
/* End PBXNativeTarget section */

/* Begin PBXProject section */
		83CBB9F71A601CBA00E9B192 /* Project object */ = {
			isa = PBXProject;
			attributes = {
				LastUpgradeCheck = 1210;
				TargetAttributes = {
					13B07F861A680F5B00A75B9A = {
						LastSwiftMigration = 1120;
					};
				};
			};
			buildConfigurationList = 83CBB9FA1A601CBA00E9B192 /* Build configuration list for PBXProject "ReactNativeCameraBench" */;
			compatibilityVersion = "Xcode 12.0";
			developmentRegion = en;
			hasScannedForEncodings = 0;
			knownRegions = (
				en,
				Base,
			);
			mainGroup = 83CBB9F61A601CBA00E9B192;
			productRefGroup = 83CBBA001A601CBA00E9B192 /* Products */;
			projectDirPath = "";
			projectRoot = "";
			targets = (
				13B07F861A680F5B00A75B9A /* ReactNativeCameraBench */,
				505BF1DCAB468BB990CE7790 /* ReactNativeCameraBenchPerfTests */,
			);
		};
/* End PBXProject section */

/* Begin PBXResourcesBuildPhase section */
		13B07F8E1A680F5B00A75B9A /* Resources */ = {
			isa = PBXResourcesBuildPhase;
			buildActionMask = 2147483647;
			files = (
				81AB9BB82411601600AC10FF /* LaunchScreen.storyboard in Resources */,
				13B07FBF1A68108700A75B9A /* Images.xcassets in Resources */,
				B30A7407398A03441D382F23 /* PrivacyInfo.xcprivacy in Resources */,
			);
			runOnlyForDeploymentPostprocessing = 0;
		};
		96FAAECFC688267CC213ADB8 /* Resources */ = {
			isa = PBXResourcesBuildPhase;
			buildActionMask = 2147483647;
			files = (
			);
			runOnlyForDeploymentPostprocessing = 0;
		};
/* End PBXResourcesBuildPhase section */

/* Begin PBXShellScriptBuildPhase section */
		00DD1BFF1BD5951E006B06BC /* Bundle React Native code and images */ = {
			isa = PBXShellScriptBuildPhase;
			buildActionMask = 2147483647;
			files = (
			);
			inputPaths = (
				"$(SRCROOT)/.xcode.env.local",
				"$(SRCROOT)/.xcode.env",
			);
			name = "Bundle React Native code and images";
			outputPaths = (
			);
			runOnlyForDeploymentPostprocessing = 0;
			shellPath = /bin/sh;
			shellScript = "set -e\n\nWITH_ENVIRONMENT=\"$REACT_NATIVE_PATH/scripts/xcode/with-environment.sh\"\nREACT_NATIVE_XCODE=\"$REACT_NATIVE_PATH/scripts/react-native-xcode.sh\"\n\n/bin/sh -c \"$WITH_ENVIRONMENT $REACT_NATIVE_XCODE\"\n";
		};
		00EEFC60759A1932668264C0 /* [CP] Embed Pods Frameworks */ = {
			isa = PBXShellScriptBuildPhase;
			buildActionMask = 2147483647;
			files = (
			);
			inputFileListPaths = (
				"${PODS_ROOT}/Target Support Files/Pods-ReactNativeCameraBench/Pods-ReactNativeCameraBench-frameworks-${CONFIGURATION}-input-files.xcfilelist",
			);
			name = "[CP] Embed Pods Frameworks";
			outputFileListPaths = (
				"${PODS_ROOT}/Target Support Files/Pods-ReactNativeCameraBench/Pods-ReactNativeCameraBench-frameworks-${CONFIGURATION}-output-files.xcfilelist",
			);
			runOnlyForDeploymentPostprocessing = 0;
			shellPath = /bin/sh;
			shellScript = "\"${PODS_ROOT}/Target Support Files/Pods-ReactNativeCameraBench/Pods-ReactNativeCameraBench-frameworks.sh\"\n";
			showEnvVarsInLog = 0;
		};
		C38B50BA6285516D6DCD4F65 /* [CP] Check Pods Manifest.lock */ = {
			isa = PBXShellScriptBuildPhase;
			buildActionMask = 2147483647;
			files = (
			);
			inputFileListPaths = (
			);
			inputPaths = (
				"${PODS_PODFILE_DIR_PATH}/Podfile.lock",
				"${PODS_ROOT}/Manifest.lock",
			);
			name = "[CP] Check Pods Manifest.lock";
			outputFileListPaths = (
			);
			outputPaths = (
				"$(DERIVED_FILE_DIR)/Pods-ReactNativeCameraBench-checkManifestLockResult.txt",
			);
			runOnlyForDeploymentPostprocessing = 0;
			shellPath = /bin/sh;
			shellScript = "diff \"${PODS_PODFILE_DIR_PATH}/Podfile.lock\" \"${PODS_ROOT}/Manifest.lock\" > /dev/null\nif [ $? != 0 ] ; then\n    # print error to STDERR\n    echo \"error: The sandbox is not in sync with the Podfile.lock. Run 'pod install' or update your CocoaPods installation.\" >&2\n    exit 1\nfi\n# This output is used by Xcode 'outputs' to avoid re-running this script phase.\necho \"SUCCESS\" > \"${SCRIPT_OUTPUT_FILE_0}\"\n";
			showEnvVarsInLog = 0;
		};
		E235C05ADACE081382539298 /* [CP] Copy Pods Resources */ = {
			isa = PBXShellScriptBuildPhase;
			buildActionMask = 2147483647;
			files = (
			);
			inputFileListPaths = (
				"${PODS_ROOT}/Target Support Files/Pods-ReactNativeCameraBench/Pods-ReactNativeCameraBench-resources-${CONFIGURATION}-input-files.xcfilelist",
			);
			name = "[CP] Copy Pods Resources";
			outputFileListPaths = (
				"${PODS_ROOT}/Target Support Files/Pods-ReactNativeCameraBench/Pods-ReactNativeCameraBench-resources-${CONFIGURATION}-output-files.xcfilelist",
			);
			runOnlyForDeploymentPostprocessing = 0;
			shellPath = /bin/sh;
			shellScript = "\"${PODS_ROOT}/Target Support Files/Pods-ReactNativeCameraBench/Pods-ReactNativeCameraBench-resources.sh\"\n";
			showEnvVarsInLog = 0;
		};
/* End PBXShellScriptBuildPhase section */

/* Begin PBXSourcesBuildPhase section */
		13B07F871A680F5B00A75B9A /* Sources */ = {
			isa = PBXSourcesBuildPhase;
			buildActionMask = 2147483647;
			files = (
				761780ED2CA45674006654EE /* AppDelegate.swift in Sources */,
				4AFF6C95174F93B6CF6E70BD /* BenchmarkBridge.m in Sources */,
			);
			runOnlyForDeploymentPostprocessing = 0;
		};
		D727286946785AC8B1D4AE26 /* Sources */ = {
			isa = PBXSourcesBuildPhase;
			buildActionMask = 2147483647;
			files = (
				D16FF1FA42302C1271C60D3A /* ReactNativeCameraBenchPerfTests.swift in Sources */,
			);
			runOnlyForDeploymentPostprocessing = 0;
		};
/* End PBXSourcesBuildPhase section */

/* Begin PBXTargetDependency section */
		FBFBF36E3313D9539E12F4CE /* PBXTargetDependency */ = {
			isa = PBXTargetDependency;
			name = ReactNativeCameraBench;
			target = 13B07F861A680F5B00A75B9A /* ReactNativeCameraBench */;
			targetProxy = 6E864150A54399C8E0835976 /* PBXContainerItemProxy */;
		};
/* End PBXTargetDependency section */

/* Begin XCBuildConfiguration section */
			13B07F941A680F5B00A75B9A /* Debug */ = {
				isa = XCBuildConfiguration;
				baseConfigurationReference = 3B4392A12AC88292D35C810B /* Pods-ReactNativeCameraBench.debug.xcconfig */;
				buildSettings = {
					ASSETCATALOG_COMPILER_APPICON_NAME = AppIcon;
					CLANG_ENABLE_MODULES = YES;
					CODE_SIGN_STYLE = Automatic;
					CURRENT_PROJECT_VERSION = 1;
					DEVELOPMENT_TEAM = 6GQ7T2VDQ5;
					ENABLE_BITCODE = NO;
					INFOPLIST_FILE = ReactNativeCameraBench/Info.plist;
					IPHONEOS_DEPLOYMENT_TARGET = 15.1;
				LD_RUNPATH_SEARCH_PATHS = (
					"$(inherited)",
					"@executable_path/Frameworks",
				);
				MARKETING_VERSION = 1.0;
				OTHER_LDFLAGS = (
					"$(inherited)",
					"-ObjC",
					"-lc++",
				);
					PRODUCT_BUNDLE_IDENTIFIER = com.oxide.reactnativecamerabench;
					PRODUCT_NAME = ReactNativeCameraBench;
					SWIFT_OPTIMIZATION_LEVEL = "-Onone";
					SWIFT_VERSION = 5.0;
					VERSIONING_SYSTEM = "apple-generic";
				};
			name = Debug;
		};
			13B07F951A680F5B00A75B9A /* Release */ = {
				isa = XCBuildConfiguration;
				baseConfigurationReference = 5709B34CF0A7D63546082F79 /* Pods-ReactNativeCameraBench.release.xcconfig */;
				buildSettings = {
					ASSETCATALOG_COMPILER_APPICON_NAME = AppIcon;
					CLANG_ENABLE_MODULES = YES;
					CODE_SIGN_STYLE = Automatic;
					CURRENT_PROJECT_VERSION = 1;
					DEVELOPMENT_TEAM = 6GQ7T2VDQ5;
					INFOPLIST_FILE = ReactNativeCameraBench/Info.plist;
					IPHONEOS_DEPLOYMENT_TARGET = 15.1;
				LD_RUNPATH_SEARCH_PATHS = (
					"$(inherited)",
					"@executable_path/Frameworks",
				);
				MARKETING_VERSION = 1.0;
				OTHER_LDFLAGS = (
					"$(inherited)",
					"-ObjC",
					"-lc++",
				);
					PRODUCT_BUNDLE_IDENTIFIER = com.oxide.reactnativecamerabench;
					PRODUCT_NAME = ReactNativeCameraBench;
					SWIFT_VERSION = 5.0;
					VERSIONING_SYSTEM = "apple-generic";
				};
			name = Release;
		};
			3AC766D35BF23D76926A0C4C /* Release */ = {
				isa = XCBuildConfiguration;
				buildSettings = {
					BUNDLE_LOADER = "$(TEST_HOST)";
					CLANG_ENABLE_OBJC_WEAK = NO;
					CODE_SIGN_STYLE = Automatic;
					DEVELOPMENT_TEAM = 6GQ7T2VDQ5;
					GENERATE_INFOPLIST_FILE = NO;
					INFOPLIST_FILE = ReactNativeCameraBenchPerfTests/Info.plist;
				IPHONEOS_DEPLOYMENT_TARGET = 15.1;
				LD_RUNPATH_SEARCH_PATHS = (
					"$(inherited)",
					"@executable_path/Frameworks",
					"@loader_path/Frameworks",
				);
				PRODUCT_BUNDLE_IDENTIFIER = com.oxide.reactnativecamerabench.perftests;
				PRODUCT_NAME = "$(TARGET_NAME)";
				SUPPORTED_PLATFORMS = "iphoneos iphonesimulator";
				SWIFT_VERSION = 5.0;
				TARGETED_DEVICE_FAMILY = "1,2";
				TEST_HOST = "$(BUILT_PRODUCTS_DIR)/ReactNativeCameraBench.app/ReactNativeCameraBench";
				VALIDATE_PRODUCT = YES;
			};
			name = Release;
		};
		83CBBA201A601CBA00E9B192 /* Debug */ = {
			isa = XCBuildConfiguration;
			buildSettings = {
				ALWAYS_SEARCH_USER_PATHS = NO;
				CLANG_ANALYZER_LOCALIZABILITY_NONLOCALIZED = YES;
				CLANG_CXX_LANGUAGE_STANDARD = "c++20";
				CLANG_CXX_LIBRARY = "libc++";
				CLANG_ENABLE_MODULES = YES;
				CLANG_ENABLE_OBJC_ARC = YES;
				CLANG_WARN_BLOCK_CAPTURE_AUTORELEASING = YES;
				CLANG_WARN_BOOL_CONVERSION = YES;
				CLANG_WARN_COMMA = YES;
				CLANG_WARN_CONSTANT_CONVERSION = YES;
				CLANG_WARN_DEPRECATED_OBJC_IMPLEMENTATIONS = YES;
				CLANG_WARN_DIRECT_OBJC_ISA_USAGE = YES_ERROR;
				CLANG_WARN_EMPTY_BODY = YES;
				CLANG_WARN_ENUM_CONVERSION = YES;
				CLANG_WARN_INFINITE_RECURSION = YES;
				CLANG_WARN_INT_CONVERSION = YES;
				CLANG_WARN_NON_LITERAL_NULL_CONVERSION = YES;
				CLANG_WARN_OBJC_IMPLICIT_RETAIN_SELF = YES;
				CLANG_WARN_OBJC_LITERAL_CONVERSION = YES;
				CLANG_WARN_OBJC_ROOT_CLASS = YES_ERROR;
				CLANG_WARN_QUOTED_INCLUDE_IN_FRAMEWORK_HEADER = YES;
				CLANG_WARN_RANGE_LOOP_ANALYSIS = YES;
				CLANG_WARN_STRICT_PROTOTYPES = YES;
				CLANG_WARN_SUSPICIOUS_MOVE = YES;
				CLANG_WARN_UNREACHABLE_CODE = YES;
				CLANG_WARN__DUPLICATE_METHOD_MATCH = YES;
				"CODE_SIGN_IDENTITY[sdk=iphoneos*]" = "iPhone Developer";
				COPY_PHASE_STRIP = NO;
				ENABLE_STRICT_OBJC_MSGSEND = YES;
				ENABLE_TESTABILITY = YES;
				"EXCLUDED_ARCHS[sdk=iphonesimulator*]" = "";
				GCC_C_LANGUAGE_STANDARD = gnu99;
				GCC_DYNAMIC_NO_PIC = NO;
				GCC_NO_COMMON_BLOCKS = YES;
				GCC_OPTIMIZATION_LEVEL = 0;
				GCC_PREPROCESSOR_DEFINITIONS = (
					"DEBUG=1",
					"$(inherited)",
				);
				GCC_SYMBOLS_PRIVATE_EXTERN = NO;
				GCC_WARN_64_TO_32_BIT_CONVERSION = YES;
				GCC_WARN_ABOUT_RETURN_TYPE = YES_ERROR;
				GCC_WARN_UNDECLARED_SELECTOR = YES;
				GCC_WARN_UNINITIALIZED_AUTOS = YES_AGGRESSIVE;
				GCC_WARN_UNUSED_FUNCTION = YES;
				GCC_WARN_UNUSED_VARIABLE = YES;
				IPHONEOS_DEPLOYMENT_TARGET = 15.1;
				LD_RUNPATH_SEARCH_PATHS = (
					/usr/lib/swift,
					"$(inherited)",
				);
				LIBRARY_SEARCH_PATHS = (
					"\"$(SDKROOT)/usr/lib/swift\"",
					"\"$(TOOLCHAIN_DIR)/usr/lib/swift/$(PLATFORM_NAME)\"",
					"\"$(inherited)\"",
				);
				MTL_ENABLE_DEBUG_INFO = YES;
				ONLY_ACTIVE_ARCH = YES;
				OTHER_CPLUSPLUSFLAGS = (
					"$(OTHER_CFLAGS)",
					"-DFOLLY_NO_CONFIG",
					"-DFOLLY_MOBILE=1",
					"-DFOLLY_USE_LIBCPP=1",
					"-DFOLLY_CFG_NO_COROUTINES=1",
					"-DFOLLY_HAVE_CLOCK_GETTIME=1",
				);
				OTHER_LDFLAGS = (
					"$(inherited)",
					" ",
				);
				REACT_NATIVE_PATH = "${PODS_ROOT}/../../node_modules/react-native";
				SDKROOT = iphoneos;
				SWIFT_ACTIVE_COMPILATION_CONDITIONS = "$(inherited) DEBUG";
				USE_HERMES = true;
			};
			name = Debug;
		};
		83CBBA211A601CBA00E9B192 /* Release */ = {
			isa = XCBuildConfiguration;
			buildSettings = {
				ALWAYS_SEARCH_USER_PATHS = NO;
				CLANG_ANALYZER_LOCALIZABILITY_NONLOCALIZED = YES;
				CLANG_CXX_LANGUAGE_STANDARD = "c++20";
				CLANG_CXX_LIBRARY = "libc++";
				CLANG_ENABLE_MODULES = YES;
				CLANG_ENABLE_OBJC_ARC = YES;
				CLANG_WARN_BLOCK_CAPTURE_AUTORELEASING = YES;
				CLANG_WARN_BOOL_CONVERSION = YES;
				CLANG_WARN_COMMA = YES;
				CLANG_WARN_CONSTANT_CONVERSION = YES;
				CLANG_WARN_DEPRECATED_OBJC_IMPLEMENTATIONS = YES;
				CLANG_WARN_DIRECT_OBJC_ISA_USAGE = YES_ERROR;
				CLANG_WARN_EMPTY_BODY = YES;
				CLANG_WARN_ENUM_CONVERSION = YES;
				CLANG_WARN_INFINITE_RECURSION = YES;
				CLANG_WARN_INT_CONVERSION = YES;
				CLANG_WARN_NON_LITERAL_NULL_CONVERSION = YES;
				CLANG_WARN_OBJC_IMPLICIT_RETAIN_SELF = YES;
				CLANG_WARN_OBJC_LITERAL_CONVERSION = YES;
				CLANG_WARN_OBJC_ROOT_CLASS = YES_ERROR;
				CLANG_WARN_QUOTED_INCLUDE_IN_FRAMEWORK_HEADER = YES;
				CLANG_WARN_RANGE_LOOP_ANALYSIS = YES;
				CLANG_WARN_STRICT_PROTOTYPES = YES;
				CLANG_WARN_SUSPICIOUS_MOVE = YES;
				CLANG_WARN_UNREACHABLE_CODE = YES;
				CLANG_WARN__DUPLICATE_METHOD_MATCH = YES;
				"CODE_SIGN_IDENTITY[sdk=iphoneos*]" = "iPhone Developer";
				COPY_PHASE_STRIP = YES;
				ENABLE_NS_ASSERTIONS = NO;
				ENABLE_STRICT_OBJC_MSGSEND = YES;
				"EXCLUDED_ARCHS[sdk=iphonesimulator*]" = "";
				GCC_C_LANGUAGE_STANDARD = gnu99;
				GCC_NO_COMMON_BLOCKS = YES;
				GCC_WARN_64_TO_32_BIT_CONVERSION = YES;
				GCC_WARN_ABOUT_RETURN_TYPE = YES_ERROR;
				GCC_WARN_UNDECLARED_SELECTOR = YES;
				GCC_WARN_UNINITIALIZED_AUTOS = YES_AGGRESSIVE;
				GCC_WARN_UNUSED_FUNCTION = YES;
				GCC_WARN_UNUSED_VARIABLE = YES;
				IPHONEOS_DEPLOYMENT_TARGET = 15.1;
				LD_RUNPATH_SEARCH_PATHS = (
					/usr/lib/swift,
					"$(inherited)",
				);
				LIBRARY_SEARCH_PATHS = (
					"\"$(SDKROOT)/usr/lib/swift\"",
					"\"$(TOOLCHAIN_DIR)/usr/lib/swift/$(PLATFORM_NAME)\"",
					"\"$(inherited)\"",
				);
				MTL_ENABLE_DEBUG_INFO = NO;
				OTHER_CPLUSPLUSFLAGS = (
					"$(OTHER_CFLAGS)",
					"-DFOLLY_NO_CONFIG",
					"-DFOLLY_MOBILE=1",
					"-DFOLLY_USE_LIBCPP=1",
					"-DFOLLY_CFG_NO_COROUTINES=1",
					"-DFOLLY_HAVE_CLOCK_GETTIME=1",
				);
				OTHER_LDFLAGS = (
					"$(inherited)",
					" ",
				);
				REACT_NATIVE_PATH = "${PODS_ROOT}/../../node_modules/react-native";
				SDKROOT = iphoneos;
				USE_HERMES = true;
				VALIDATE_PRODUCT = YES;
			};
			name = Release;
		};
			9EA9B4489ECF289B3FE0D29D /* Debug */ = {
				isa = XCBuildConfiguration;
				buildSettings = {
					BUNDLE_LOADER = "$(TEST_HOST)";
					CLANG_ENABLE_OBJC_WEAK = NO;
					CODE_SIGN_STYLE = Automatic;
					DEVELOPMENT_TEAM = 6GQ7T2VDQ5;
					GENERATE_INFOPLIST_FILE = NO;
					INFOPLIST_FILE = ReactNativeCameraBenchPerfTests/Info.plist;
				IPHONEOS_DEPLOYMENT_TARGET = 15.1;
				LD_RUNPATH_SEARCH_PATHS = (
					"$(inherited)",
					"@executable_path/Frameworks",
					"@loader_path/Frameworks",
				);
				PRODUCT_BUNDLE_IDENTIFIER = com.oxide.reactnativecamerabench.perftests;
				PRODUCT_NAME = "$(TARGET_NAME)";
				SUPPORTED_PLATFORMS = "iphoneos iphonesimulator";
				SWIFT_VERSION = 5.0;
				TARGETED_DEVICE_FAMILY = "1,2";
				TEST_HOST = "$(BUILT_PRODUCTS_DIR)/ReactNativeCameraBench.app/ReactNativeCameraBench";
			};
			name = Debug;
		};
/* End XCBuildConfiguration section */

/* Begin XCConfigurationList section */
		079364147809060353D47665 /* Build configuration list for PBXNativeTarget "ReactNativeCameraBenchPerfTests" */ = {
			isa = XCConfigurationList;
			buildConfigurations = (
				3AC766D35BF23D76926A0C4C /* Release */,
				9EA9B4489ECF289B3FE0D29D /* Debug */,
			);
			defaultConfigurationIsVisible = 0;
			defaultConfigurationName = Release;
		};
		13B07F931A680F5B00A75B9A /* Build configuration list for PBXNativeTarget "ReactNativeCameraBench" */ = {
			isa = XCConfigurationList;
			buildConfigurations = (
				13B07F941A680F5B00A75B9A /* Debug */,
				13B07F951A680F5B00A75B9A /* Release */,
			);
			defaultConfigurationIsVisible = 0;
			defaultConfigurationName = Release;
		};
		83CBB9FA1A601CBA00E9B192 /* Build configuration list for PBXProject "ReactNativeCameraBench" */ = {
			isa = XCConfigurationList;
			buildConfigurations = (
				83CBBA201A601CBA00E9B192 /* Debug */,
				83CBBA211A601CBA00E9B192 /* Release */,
			);
			defaultConfigurationIsVisible = 0;
			defaultConfigurationName = Release;
		};
/* End XCConfigurationList section */
	};
	rootObject = 83CBB9F71A601CBA00E9B192 /* Project object */;
}
